
Microsoft Visual Studio Solution File, Format Version 12.00
# Visual Studio Version 17
VisualStudioVersion = 17.6.33801.468
MinimumVisualStudioVersion = 10.0.40219.1
Project("{FAE04EC0-301F-11D3-BF4B-00C04F79EFBC}") = "DevDynamo.Model", "DevDynamo.Model\DevDynamo.Model.csproj", "{B969A346-ADF2-48B1-81F1-4A29C8C5C17F}"
EndProject
Project("{FAE04EC0-301F-11D3-BF4B-00C04F79EFBC}") = "DevDynamo.Test", "DevDynamo.Test\DevDynamo.Test.csproj", "{4E557125-7126-467C-884D-4C4F78126930}"
EndProject
Project("{FAE04EC0-301F-11D3-BF4B-00C04F79EFBC}") = "DevDynamo.Web", "DevDynamo.Web\DevDynamo.Web.csproj", "{9E9FF686-6922-442A-A2D2-8E8A87C89708}"
EndProject
Global
	GlobalSection(SolutionConfigurationPlatforms) = preSolution
		Debug|Any CPU = Debug|Any CPU
		Release|Any CPU = Release|Any CPU
	EndGlobalSection
	GlobalSection(ProjectConfigurationPlatforms) = postSolution
		{B969A346-ADF2-48B1-81F1-4A29C8C5C17F}.Debug|Any CPU.ActiveCfg = Debug|Any CPU
		{B969A346-ADF2-48B1-81F1-4A29C8C5C17F}.Debug|Any CPU.Build.0 = Debug|Any CPU
		{B969A346-ADF2-48B1-81F1-4A29C8C5C17F}.Release|Any CPU.ActiveCfg = Release|Any CPU
		{B969A346-ADF2-48B1-81F1-4A29C8C5C17F}.Release|Any CPU.Build.0 = Release|Any CPU
		{4E557125-7126-467C-884D-4C4F78126930}.Debug|Any CPU.ActiveCfg = Debug|Any CPU
		{4E557125-7126-467C-884D-4C4F78126930}.Debug|Any CPU.Build.0 = Debug|Any CPU
		{4E557125-7126-467C-884D-4C4F78126930}.Release|Any CPU.ActiveCfg = Release|Any CPU
		{4E557125-7126-467C-884D-4C4F78126930}.Release|Any CPU.Build.0 = Release|Any CPU
		{9E9FF686-6922-442A-A2D2-8E8A87C89708}.Debug|Any CPU.ActiveCfg = Debug|Any CPU
		{9E9FF686-6922-442A-A2D2-8E8A87C89708}.Debug|Any CPU.Build.0 = Debug|Any CPU
		{9E9FF686-6922-442A-A2D2-8E8A87C89708}.Release|Any CPU.ActiveCfg = Release|Any CPU
		{9E9FF686-6922-442A-A2D2-8E8A87C89708}.Release|Any CPU.Build.0 = Release|Any CPU
	EndGlobalSection
	GlobalSection(SolutionProperties) = preSolution
		HideSolutionNode = FALSE
	EndGlobalSection
	GlobalSection(ExtensibilityGlobals) = postSolution
		SolutionGuid = {B56587E2-2B08-4860-ACF9-0D2B9FC8EE3C}
	EndGlobalSection
EndGlobal
